
Microsoft Visual Studio Solution File, Format Version 12.00
# Visual Studio Version 16
VisualStudioVersion = 16.0.31025.194
MinimumVisualStudioVersion = 10.0.40219.1
Project("{FAE04EC0-301F-11D3-BF4B-00C04F79EFBC}") = "XtraPriceCheckerApp.Android", "XtraPriceCheckerApp\XtraPriceCheckerApp.Android\XtraPriceCheckerApp.Android.csproj", "{241D474E-65CD-4A2A-B82E-2A874B44333B}"
EndProject
Project("{9A19103F-16F7-4668-BE54-9A1E7A4F7556}") = "XtraPriceCheckerApp", "XtraPriceCheckerApp\XtraPriceCheckerApp\XtraPriceCheckerApp.csproj", "{4A95E476-B09B-4C23-AAED-C47F6E318EFB}"
EndProject
Project("{FAE04EC0-301F-11D3-BF4B-00C04F79EFBC}") = "XtraPriceCheckerClient.Android", "XtraPriceCheckerClient\XtraPriceCheckerClient.Android\XtraPriceCheckerClient.Android.csproj", "{6B996507-FEC0-4BB1-8598-6145D65DA308}"
EndProject
Project("{FAE04EC0-301F-11D3-BF4B-00C04F79EFBC}") = "XtraPriceCheckerClient", "XtraPriceCheckerClient\XtraPriceCheckerClient\XtraPriceCheckerClient.csproj", "{4BFC6C4D-5FC5-4740-A9D8-B86799E5AB71}"
EndProject
Global
	GlobalSection(SolutionConfigurationPlatforms) = preSolution
		Debug|Any CPU = Debug|Any CPU
		Release|Any CPU = Release|Any CPU
	EndGlobalSection
	GlobalSection(ProjectConfigurationPlatforms) = postSolution
		{241D474E-65CD-4A2A-B82E-2A874B44333B}.Debug|Any CPU.ActiveCfg = Debug|Any CPU
		{241D474E-65CD-4A2A-B82E-2A874B44333B}.Debug|Any CPU.Build.0 = Debug|Any CPU
		{241D474E-65CD-4A2A-B82E-2A874B44333B}.Debug|Any CPU.Deploy.0 = Debug|Any CPU
		{241D474E-65CD-4A2A-B82E-2A874B44333B}.Release|Any CPU.ActiveCfg = Release|Any CPU
		{241D474E-65CD-4A2A-B82E-2A874B44333B}.Release|Any CPU.Build.0 = Release|Any CPU
		{241D474E-65CD-4A2A-B82E-2A874B44333B}.Release|Any CPU.Deploy.0 = Release|Any CPU
		{4A95E476-B09B-4C23-AAED-C47F6E318EFB}.Debug|Any CPU.ActiveCfg = Debug|Any CPU
		{4A95E476-B09B-4C23-AAED-C47F6E318EFB}.Debug|Any CPU.Build.0 = Debug|Any CPU
		{4A95E476-B09B-4C23-AAED-C47F6E318EFB}.Debug|Any CPU.Deploy.0 = Debug|Any CPU
		{4A95E476-B09B-4C23-AAED-C47F6E318EFB}.Release|Any CPU.ActiveCfg = Release|Any CPU
		{4A95E476-B09B-4C23-AAED-C47F6E318EFB}.Release|Any CPU.Build.0 = Release|Any CPU
		{4A95E476-B09B-4C23-AAED-C47F6E318EFB}.Release|Any CPU.Deploy.0 = Release|Any CPU
		{6B996507-FEC0-4BB1-8598-6145D65DA308}.Debug|Any CPU.ActiveCfg = Debug|Any CPU
		{6B996507-FEC0-4BB1-8598-6145D65DA308}.Debug|Any CPU.Build.0 = Debug|Any CPU
		{6B996507-FEC0-4BB1-8598-6145D65DA308}.Debug|Any CPU.Deploy.0 = Debug|Any CPU
		{6B996507-FEC0-4BB1-8598-6145D65DA308}.Release|Any CPU.ActiveCfg = Release|Any CPU
		{6B996507-FEC0-4BB1-8598-6145D65DA308}.Release|Any CPU.Build.0 = Release|Any CPU
		{6B996507-FEC0-4BB1-8598-6145D65DA308}.Release|Any CPU.Deploy.0 = Release|Any CPU
		{4BFC6C4D-5FC5-4740-A9D8-B86799E5AB71}.Debug|Any CPU.ActiveCfg = Debug|Any CPU
		{4BFC6C4D-5FC5-4740-A9D8-B86799E5AB71}.Debug|Any CPU.Build.0 = Debug|Any CPU
		{4BFC6C4D-5FC5-4740-A9D8-B86799E5AB71}.Release|Any CPU.ActiveCfg = Release|Any CPU
		{4BFC6C4D-5FC5-4740-A9D8-B86799E5AB71}.Release|Any CPU.Build.0 = Release|Any CPU
	EndGlobalSection
	GlobalSection(SolutionProperties) = preSolution
		HideSolutionNode = FALSE
	EndGlobalSection
	GlobalSection(ExtensibilityGlobals) = postSolution
		SolutionGuid = {A6D7FC78-1BAE-4D64-8EF0-EE68DE9C4709}
	EndGlobalSection
EndGlobal
